github.com/davecgh/go-spew v1.1.1 h1:vj9j/u1bqnvCEfJOwUhtlOARqs3+rkHYY13jYWTU97c=
github.com/davecgh/go-spew v1.1.1/go.mod h1:J7Y8YcW2NihsgmVo/mv3lAwl/skON4iLHjSsI+c5H38=
github.com/gookit/color v1.5.4 h1:FZmqs7XOyGgCAxmWyPslpiok1k05wmY3SJTytgvYFs0=
github.com/gookit/color v1.5.4/go.mod h1:pZJOeOS8DM43rXbp4AZo1n9zCU2qjpcRko0b6/QJi9w=
github.com/gookit/goutil v0.6.17 h1:SxmbDz2sn2V+O+xJjJhJT/sq1/kQh6rCJ7vLBiRPZjI=
github.com/gookit/goutil v0.6.17/go.mod h1:rSw1LchE1I3TDWITZvefoAC9tS09SFu3lHXLCV7EaEY=
github.com/newacorn/goutils v0.0.0-20241013113953-fa022f431d1a h1:rnlqhKnE8kjDijbw87rjF56jMpiEx86e9mOND6fOwhs=
github.com/newacorn/goutils v0.0.0-20241013113953-fa022f431d1a/go.mod h1:E0kukunymtP92b+eVj2DfXIdkX7lE+4f4OSZY28Idds=
github.com/newacorn/goutils v0.0.0-20241013115147-7dd3b56752bb h1:TQEHLvqm26GUpqi+giziWrEQKPIxdCsV66lJnMkvrho=
github.com/newacorn/goutils v0.0.0-20241013115147-7dd3b56752bb/go.mod h1:NsSKXgKzrgEUa+t0dACbtVmLThFdAc9evTDjVMyilLw=
github.com/newacorn/goutils v0.0.0-20241014180724-f1de7f39d0f1 h1:0ROUVj1MbYBgxpogXRWFnSTKfi9k5s87Y0vriKWw668=
github.com/newacorn/goutils v0.0.0-20241014180724-f1de7f39d0f1/go.mod h1:NsSKXgKzrgEUa+t0dACbtVmLThFdAc9evTDjVMyilLw=
github.com/newacorn/goutils v0.0.0-20241019173925-1c4a12c3439b h1:ADkm6B8+9M63SU+aYdFCmXMSfS8Eaaox/Ve2KdKzlqI=
github.com/newacorn/goutils v0.0.0-20241019173925-1c4a12c3439b/go.mod h1:NsSKXgKzrgEUa+t0dACbtVmLThFdAc9evTDjVMyilLw=
github.com/newacorn/goutils v0.0.0-20241019181402-f6ad1a3f638b h1:UnhOhzqoOx/LQtLL7kB2LbwXki05nezWbzW4/IYBdG8=
github.com/newacorn/goutils v0.0.0-20241019181402-f6ad1a3f638b/go.mod h1:NsSKXgKzrgEUa+t0dACbtVmLThFdAc9evTDjVMyilLw=
github.com/newacorn/goutils v0.0.0-20241019200914-00c9a8d256ff h1:lGwehx06SfwlUpjjTqeyij2FZ7Y2JiG1lnlFUDmePW4=
github.com/newacorn/goutils v0.0.0-20241019200914-00c9a8d256ff/go.mod h1:NsSKXgKzrgEUa+t0dACbtVmLThFdAc9evTDjVMyilLw=
github.com/pmezard/go-difflib v1.0.0 h1:4DBwDE0NGyQoBHbLQYPwSUPoCMWR5BEzIk/f1lZbAQM=
github.com/pmezard/go-difflib v1.0.0/go.mod h1:iKH77koFhYxTK1pcRnkKkqfTogsbg7gZNVY4sRDYZ/4=
github.com/stretchr/testify v1.8.4 h1:CcVxjf3Q8PM0mHUKJCdn+eZZtm5yQwehR5yeSVQQcUk=
github.com/stretchr/testify v1.8.4/go.mod h1:sz/lmYIOXD/1dqDmKjjqLyZ2RngseejIcXlSw2iwfAo=
github.com/xo/terminfo v0.0.0-20220910002029-abceb7e1c41e h1:JVG44RsyaB9T2KIHavMF/ppJZNG9ZpyihvCd0w101no=
github.com/xo/terminfo v0.0.0-20220910002029-abceb7e1c41e/go.mod h1:RbqR21r5mrJuqunuUZ/Dhy/avygyECGrLceyNeo4LiM=
github.com/xyproto/randomstring v1.0.5 h1:YtlWPoRdgMu3NZtP45drfy1GKoojuR7hmRcnhZqKjWU=
github.com/xyproto/randomstring v1.0.5/go.mod h1:rgmS5DeNXLivK7YprL0pY+lTuhNQW3iGxZ18UQApw/E=
golang.org/x/exp v0.0.0-20220909182711-5c715a9e8561 h1:MDc5xs78ZrZr3HMQugiXOAkSZtfTpbJLDr/lwfgO53E=
golang.org/x/exp v0.0.0-20220909182711-5c715a9e8561/go.mod h1:cyybsKvd6eL0RnXn6p/Grxp8F5bW7iYuBgsNCOHpMYE=
golang.org/x/sys v0.25.0 h1:r+8e+loiHxRqhXVl6ML1nO3l1+oFoWbnlu2Ehimmi34=
golang.org/x/sys v0.25.0/go.mod h1:/VUhepiaJMQUp4+oa/7Zr1D23ma6VTLIYjOOTFZPUcA=
golang.org/x/text v0.18.0 h1:XvMDiNzPAl0jr17s6W9lcaIhGUfUORdGCNsuLmPG224=
golang.org/x/text v0.18.0/go.mod h1:BuEKDfySbSR4drPmRPG/7iBdf8hvFMuRexcpahXilzY=
gopkg.in/yaml.v3 v3.0.1 h1:fxVm/GzAzEWqLHuvctI91KS9hhNmmWOoWu0XTYJS7CA=
gopkg.in/yaml.v3 v3.0.1/go.mod h1:K4uyk7z7BCEPqu6E+C64Yfv1cQ7kz7rIZviUmN+EgEM=
